
Microsoft Visual Studio Solution File, Format Version 12.00
# Visual Studio Version 17
VisualStudioVersion = 17.13.35825.156 d17.13
MinimumVisualStudioVersion = 10.0.40219.1
Project("{FAE04EC0-301F-11D3-BF4B-00C04F79EFBC}") = "E-Commerce Application With ASP.NET MVC", "E-Commerce Application With ASP.NET MVC\E-Commerce Application With ASP.NET MVC.csproj", "{0A89B849-8C63-4090-B5DB-D7183A1B6079}"
EndProject
Project("{FAE04EC0-301F-11D3-BF4B-00C04F79EFBC}") = "BLL", "BLL\BLL.csproj", "{7DC8C169-A24E-4886-BA38-12481C48E073}"
EndProject
Project("{FAE04EC0-301F-11D3-BF4B-00C04F79EFBC}") = "Domain", "Domain\Domain.csproj", "{2DCDA5A0-5C11-4249-A132-A8B0F08A0DFA}"
EndProject
Project("{FAE04EC0-301F-11D3-BF4B-00C04F79EFBC}") = "DAL", "DAL\DAL.csproj", "{00BAD8F9-2307-40F0-B277-A7EE92F40E2A}"
EndProject
Global
	GlobalSection(SolutionConfigurationPlatforms) = preSolution
		Debug|Any CPU = Debug|Any CPU
		Release|Any CPU = Release|Any CPU
	EndGlobalSection
	GlobalSection(ProjectConfigurationPlatforms) = postSolution
		{0A89B849-8C63-4090-B5DB-D7183A1B6079}.Debug|Any CPU.ActiveCfg = Debug|Any CPU
		{0A89B849-8C63-4090-B5DB-D7183A1B6079}.Debug|Any CPU.Build.0 = Debug|Any CPU
		{0A89B849-8C63-4090-B5DB-D7183A1B6079}.Release|Any CPU.ActiveCfg = Release|Any CPU
		{0A89B849-8C63-4090-B5DB-D7183A1B6079}.Release|Any CPU.Build.0 = Release|Any CPU
		{7DC8C169-A24E-4886-BA38-12481C48E073}.Debug|Any CPU.ActiveCfg = Debug|Any CPU
		{7DC8C169-A24E-4886-BA38-12481C48E073}.Debug|Any CPU.Build.0 = Debug|Any CPU
		{7DC8C169-A24E-4886-BA38-12481C48E073}.Release|Any CPU.ActiveCfg = Release|Any CPU
		{7DC8C169-A24E-4886-BA38-12481C48E073}.Release|Any CPU.Build.0 = Release|Any CPU
		{2DCDA5A0-5C11-4249-A132-A8B0F08A0DFA}.Debug|Any CPU.ActiveCfg = Debug|Any CPU
		{2DCDA5A0-5C11-4249-A132-A8B0F08A0DFA}.Debug|Any CPU.Build.0 = Debug|Any CPU
		{2DCDA5A0-5C11-4249-A132-A8B0F08A0DFA}.Release|Any CPU.ActiveCfg = Release|Any CPU
		{2DCDA5A0-5C11-4249-A132-A8B0F08A0DFA}.Release|Any CPU.Build.0 = Release|Any CPU
		{00BAD8F9-2307-40F0-B277-A7EE92F40E2A}.Debug|Any CPU.ActiveCfg = Debug|Any CPU
		{00BAD8F9-2307-40F0-B277-A7EE92F40E2A}.Debug|Any CPU.Build.0 = Debug|Any CPU
		{00BAD8F9-2307-40F0-B277-A7EE92F40E2A}.Release|Any CPU.ActiveCfg = Release|Any CPU
		{00BAD8F9-2307-40F0-B277-A7EE92F40E2A}.Release|Any CPU.Build.0 = Release|Any CPU
	EndGlobalSection
	GlobalSection(SolutionProperties) = preSolution
		HideSolutionNode = FALSE
	EndGlobalSection
	GlobalSection(ExtensibilityGlobals) = postSolution
		SolutionGuid = {8F320C84-FF7D-4D97-A960-CF977A04B7B6}
	EndGlobalSection
EndGlobal
